{
  "requires": true,
  "lockfileVersion": 1,
  "dependencies": {
    "animate.css": {
      "version": "3.7.2",
      "resolved": "https://registry.npm.taobao.org/animate.css/download/animate.css-3.7.2.tgz"
    },
    "vue-circle-menu": {
      "version": "1.1.1",
      "resolved": "https://registry.npm.taobao.org/vue-circle-menu/download/vue-circle-menu-1.1.1.tgz"
    },
    "vue-qr": {
      "version": "2.1.0",
      "resolved": "https://registry.npm.taobao.org/vue-qr/download/vue-qr-2.1.0.tgz"
    }
  }
}
